
Microsoft Visual Studio Solution File, Format Version 12.00
# Visual Studio Version 17
VisualStudioVersion = 17.6.33927.249
MinimumVisualStudioVersion = 10.0.40219.1
Project("{FAE04EC0-301F-11D3-BF4B-00C04F79EFBC}") = "Contact", "Contact.csproj", "{4B6BCA97-0D40-45E0-BF3D-63A787A005FD}"
EndProject
Project("{FAE04EC0-301F-11D3-BF4B-00C04F79EFBC}") = "StORy", "SrORy\StORy.csproj", "{1CF6BD1B-8105-40B3-9F83-201A88EC61A2}"
EndProject
Project("{FAE04EC0-301F-11D3-BF4B-00C04F79EFBC}") = "Money", "Store\Money.csproj", "{4F9DB561-E3CD-4CC7-A705-5A1C4D678E11}"
EndProject
Project("{FAE04EC0-301F-11D3-BF4B-00C04F79EFBC}") = "ThucHanh", "ThucHanh\ThucHanh.csproj", "{563E9DE0-897B-4594-9ADC-B053CAA4C113}"
EndProject
Project("{FAE04EC0-301F-11D3-BF4B-00C04F79EFBC}") = "ReviewTeacher", "ReviewTeacher\ReviewTeacher.csproj", "{640BDD96-3A3E-449A-80A7-A1C3F4C3832C}"
EndProject
Global
	GlobalSection(SolutionConfigurationPlatforms) = preSolution
		Debug|Any CPU = Debug|Any CPU
		Release|Any CPU = Release|Any CPU
	EndGlobalSection
	GlobalSection(ProjectConfigurationPlatforms) = postSolution
		{4B6BCA97-0D40-45E0-BF3D-63A787A005FD}.Debug|Any CPU.ActiveCfg = Debug|Any CPU
		{4B6BCA97-0D40-45E0-BF3D-63A787A005FD}.Debug|Any CPU.Build.0 = Debug|Any CPU
		{4B6BCA97-0D40-45E0-BF3D-63A787A005FD}.Release|Any CPU.ActiveCfg = Release|Any CPU
		{4B6BCA97-0D40-45E0-BF3D-63A787A005FD}.Release|Any CPU.Build.0 = Release|Any CPU
		{1CF6BD1B-8105-40B3-9F83-201A88EC61A2}.Debug|Any CPU.ActiveCfg = Debug|Any CPU
		{1CF6BD1B-8105-40B3-9F83-201A88EC61A2}.Debug|Any CPU.Build.0 = Debug|Any CPU
		{1CF6BD1B-8105-40B3-9F83-201A88EC61A2}.Release|Any CPU.ActiveCfg = Release|Any CPU
		{1CF6BD1B-8105-40B3-9F83-201A88EC61A2}.Release|Any CPU.Build.0 = Release|Any CPU
		{4F9DB561-E3CD-4CC7-A705-5A1C4D678E11}.Debug|Any CPU.ActiveCfg = Debug|Any CPU
		{4F9DB561-E3CD-4CC7-A705-5A1C4D678E11}.Debug|Any CPU.Build.0 = Debug|Any CPU
		{4F9DB561-E3CD-4CC7-A705-5A1C4D678E11}.Release|Any CPU.ActiveCfg = Release|Any CPU
		{4F9DB561-E3CD-4CC7-A705-5A1C4D678E11}.Release|Any CPU.Build.0 = Release|Any CPU
		{563E9DE0-897B-4594-9ADC-B053CAA4C113}.Debug|Any CPU.ActiveCfg = Debug|Any CPU
		{563E9DE0-897B-4594-9ADC-B053CAA4C113}.Debug|Any CPU.Build.0 = Debug|Any CPU
		{563E9DE0-897B-4594-9ADC-B053CAA4C113}.Release|Any CPU.ActiveCfg = Release|Any CPU
		{563E9DE0-897B-4594-9ADC-B053CAA4C113}.Release|Any CPU.Build.0 = Release|Any CPU
		{640BDD96-3A3E-449A-80A7-A1C3F4C3832C}.Debug|Any CPU.ActiveCfg = Debug|Any CPU
		{640BDD96-3A3E-449A-80A7-A1C3F4C3832C}.Debug|Any CPU.Build.0 = Debug|Any CPU
		{640BDD96-3A3E-449A-80A7-A1C3F4C3832C}.Release|Any CPU.ActiveCfg = Release|Any CPU
		{640BDD96-3A3E-449A-80A7-A1C3F4C3832C}.Release|Any CPU.Build.0 = Release|Any CPU
	EndGlobalSection
	GlobalSection(SolutionProperties) = preSolution
		HideSolutionNode = FALSE
	EndGlobalSection
	GlobalSection(ExtensibilityGlobals) = postSolution
		SolutionGuid = {8BC0930E-2749-40E1-B2EF-F054D3937484}
	EndGlobalSection
EndGlobal
